// !$*UTF8*$!
{
	archiveVersion = 1;
	classes = {
	};
	objectVersion = 55;
	objects = {

/* Begin PBXBuildFile section */
		AA34FA1227E7E7C900660B2E /* ToDoMurphyApp.swift in Sources */ = {isa = PBXBuildFile; fileRef = AA34FA1127E7E7C900660B2E /* ToDoMurphyApp.swift */; };
		AA34FA1627E7E7CA00660B2E /* Assets.xcassets in Resources */ = {isa = PBXBuildFile; fileRef = AA34FA1527E7E7CA00660B2E /* Assets.xcassets */; };
		AA34FA1927E7E7CA00660B2E /* Preview Assets.xcassets in Resources */ = {isa = PBXBuildFile; fileRef = AA34FA1827E7E7CA00660B2E /* Preview Assets.xcassets */; };
		AA34FA2427E7EACA00660B2E /* ListViewModel.swift in Sources */ = {isa = PBXBuildFile; fileRef = AA34FA2327E7EACA00660B2E /* ListViewModel.swift */; };
		AA34FA2627E7EADC00660B2E /* ItemM.swift in Sources */ = {isa = PBXBuildFile; fileRef = AA34FA2527E7EADC00660B2E /* ItemM.swift */; };
		AA34FA2827E7EB1C00660B2E /* listView.swift in Sources */ = {isa = PBXBuildFile; fileRef = AA34FA2727E7EB1C00660B2E /* listView.swift */; };
		AA34FA2A27E7EB3000660B2E /* ListRowView.swift in Sources */ = {isa = PBXBuildFile; fileRef = AA34FA2927E7EB3000660B2E /* ListRowView.swift */; };
		AA34FA2C27E7EBAD00660B2E /* AddView.swift in Sources */ = {isa = PBXBuildFile; fileRef = AA34FA2B27E7EBAD00660B2E /* AddView.swift */; };
		AA34FA2E27E7EBBE00660B2E /* LaunchScreen.storyboard 18-23-40-002.storyboard in Resources */ = {isa = PBXBuildFile; fileRef = AA34FA2D27E7EBBE00660B2E /* LaunchScreen.storyboard 18-23-40-002.storyboard */; };
/* End PBXBuildFile section */

/* Begin PBXFileReference section */
		AA34FA0E27E7E7C900660B2E /* ToDoMurphy.app */ = {isa = PBXFileReference; explicitFileType = wrapper.application; includeInIndex = 0; path = ToDoMurphy.app; sourceTree = BUILT_PRODUCTS_DIR; };
		AA34FA1127E7E7C900660B2E /* ToDoMurphyApp.swift */ = {isa = PBXFileReference; lastKnownFileType = sourcecode.swift; path = ToDoMurphyApp.swift; sourceTree = "<group>"; };
		AA34FA1527E7E7CA00660B2E /* Assets.xcassets */ = {isa = PBXFileReference; lastKnownFileType = folder.assetcatalog; path = Assets.xcassets; sourceTree = "<group>"; };
		AA34FA1827E7E7CA00660B2E /* Preview Assets.xcassets */ = {isa = PBXFileReference; lastKnownFileType = folder.assetcatalog; path = "Preview Assets.xcassets"; sourceTree = "<group>"; };
		AA34FA2327E7EACA00660B2E /* ListViewModel.swift */ = {isa = PBXFileReference; fileEncoding = 4; lastKnownFileType = sourcecode.swift; name = ListViewModel.swift; path = ../../../ListViewModel.swift; sourceTree = "<group>"; };
		AA34FA2527E7EADC00660B2E /* ItemM.swift */ = {isa = PBXFileReference; fileEncoding = 4; lastKnownFileType = sourcecode.swift; name = ItemM.swift; path = ../../../ItemM.swift; sourceTree = "<group>"; };
		AA34FA2727E7EB1C00660B2E /* listView.swift */ = {isa = PBXFileReference; fileEncoding = 4; lastKnownFileType = sourcecode.swift; name = listView.swift; path = ../../../listView.swift; sourceTree = "<group>"; };
		AA34FA2927E7EB3000660B2E /* ListRowView.swift */ = {isa = PBXFileReference; fileEncoding = 4; lastKnownFileType = sourcecode.swift; name = ListRowView.swift; path = ../../../ListRowView.swift; sourceTree = "<group>"; };
		AA34FA2B27E7EBAD00660B2E /* AddView.swift */ = {isa = PBXFileReference; fileEncoding = 4; lastKnownFileType = sourcecode.swift; name = AddView.swift; path = ../../../AddView.swift; sourceTree = "<group>"; };
		AA34FA2D27E7EBBE00660B2E /* LaunchScreen.storyboard 18-23-40-002.storyboard */ = {isa = PBXFileReference; fileEncoding = 4; lastKnownFileType = file.storyboard; name = "LaunchScreen.storyboard 18-23-40-002.storyboard"; path = "../../../LaunchScreen.storyboard 18-23-40-002.storyboard"; sourceTree = "<group>"; };
/* End PBXFileReference section */

/* Begin PBXFrameworksBuildPhase section */
		AA34FA0B27E7E7C900660B2E /* Frameworks */ = {
			isa = PBXFrameworksBuildPhase;
			buildActionMask = 2147483647;
			files = (
			);
			runOnlyForDeploymentPostprocessing = 0;
		};
/* End PBXFrameworksBuildPhase section */

/* Begin PBXGroup section */
		AA34FA0527E7E7C900660B2E = {
			isa = PBXGroup;
			children = (
				AA34FA1027E7E7C900660B2E /* ToDoMurphy */,
				AA34FA0F27E7E7C900660B2E /* Products */,
			);
			sourceTree = "<group>";
		};
		AA34FA0F27E7E7C900660B2E /* Products */ = {
			isa = PBXGroup;
			children = (
				AA34FA0E27E7E7C900660B2E /* ToDoMurphy.app */,
			);
			name = Products;
			sourceTree = "<group>";
		};
		AA34FA1027E7E7C900660B2E /* ToDoMurphy */ = {
			isa = PBXGroup;
			children = (
				AA34FA2227E7E9AA00660B2E /* ViewModels */,
				AA34FA2127E7E99D00660B2E /* Views */,
				AA34FA1F27E7E98800660B2E /* Models */,
				AA34FA1127E7E7C900660B2E /* ToDoMurphyApp.swift */,
				AA34FA1527E7E7CA00660B2E /* Assets.xcassets */,
				AA34FA1727E7E7CA00660B2E /* Preview Content */,
			);
			path = ToDoMurphy;
			sourceTree = "<group>";
		};
		AA34FA1727E7E7CA00660B2E /* Preview Content */ = {
			isa = PBXGroup;
			children = (
				AA34FA1827E7E7CA00660B2E /* Preview Assets.xcassets */,
			);
			path = "Preview Content";
			sourceTree = "<group>";
		};
		AA34FA1F27E7E98800660B2E /* Models */ = {
			isa = PBXGroup;
			children = (
				AA34FA2527E7EADC00660B2E /* ItemM.swift */,
			);
			path = Models;
			sourceTree = "<group>";
		};
		AA34FA2127E7E99D00660B2E /* Views */ = {
			isa = PBXGroup;
			children = (
				AA34FA2D27E7EBBE00660B2E /* LaunchScreen.storyboard 18-23-40-002.storyboard */,
				AA34FA2B27E7EBAD00660B2E /* AddView.swift */,
				AA34FA2927E7EB3000660B2E /* ListRowView.swift */,
				AA34FA2727E7EB1C00660B2E /* listView.swift */,
			);
			path = Views;
			sourceTree = "<group>";
		};
		AA34FA2227E7E9AA00660B2E /* ViewModels */ = {
			isa = PBXGroup;
			children = (
				AA34FA2327E7EACA00660B2E /* ListViewModel.swift */,
			);
			path = ViewModels;
			sourceTree = "<group>";
		};
/* End PBXGroup section */

/* Begin PBXNativeTarget section */
		AA34FA0D27E7E7C900660B2E /* ToDoMurphy */ = {
			isa = PBXNativeTarget;
			buildConfigurationList = AA34FA1C27E7E7CA00660B2E /* Build configuration list for PBXNativeTarget "ToDoMurphy" */;
			buildPhases = (
				AA34FA0A27E7E7C900660B2E /* Sources */,
				AA34FA0B27E7E7C900660B2E /* Frameworks */,
				AA34FA0C27E7E7C900660B2E /* Resources */,
			);
			buildRules = (
			);
			dependencies = (
			);
			name = ToDoMurphy;
			productName = ToDoMurphy;
			productReference = AA34FA0E27E7E7C900660B2E /* ToDoMurphy.app */;
			productType = "com.apple.product-type.application";
		};
/* End PBXNativeTarget section */

/* Begin PBXProject section */
		AA34FA0627E7E7C900660B2E /* Project object */ = {
			isa = PBXProject;
			attributes = {
				BuildIndependentTargetsInParallel = 1;
				LastSwiftUpdateCheck = 1330;
				LastUpgradeCheck = 1330;
				TargetAttributes = {
					AA34FA0D27E7E7C900660B2E = {
						CreatedOnToolsVersion = 13.3;
					};
				};
			};
			buildConfigurationList = AA34FA0927E7E7C900660B2E /* Build configuration list for PBXProject "ToDoMurphy" */;
			compatibilityVersion = "Xcode 13.0";
			developmentRegion = en;
			hasScannedForEncodings = 0;
			knownRegions = (
				en,
				Base,
			);
			mainGroup = AA34FA0527E7E7C900660B2E;
			productRefGroup = AA34FA0F27E7E7C900660B2E /* Products */;
			projectDirPath = "";
			projectRoot = "";
			targets = (
				AA34FA0D27E7E7C900660B2E /* ToDoMurphy */,
			);
		};
/* End PBXProject section */

/* Begin PBXResourcesBuildPhase section */
		AA34FA0C27E7E7C900660B2E /* Resources */ = {
			isa = PBXResourcesBuildPhase;
			buildActionMask = 2147483647;
			files = (
				AA34FA2E27E7EBBE00660B2E /* LaunchScreen.storyboard 18-23-40-002.storyboard in Resources */,
				AA34FA1927E7E7CA00660B2E /* Preview Assets.xcassets in Resources */,
				AA34FA1627E7E7CA00660B2E /* Assets.xcassets in Resources */,
			);
			runOnlyForDeploymentPostprocessing = 0;
		};
/* End PBXResourcesBuildPhase section */

/* Begin PBXSourcesBuildPhase section */
		AA34FA0A27E7E7C900660B2E /* Sources */ = {
			isa = PBXSourcesBuildPhase;
			buildActionMask = 2147483647;
			files = (
				AA34FA2827E7EB1C00660B2E /* listView.swift in Sources */,
				AA34FA2627E7EADC00660B2E /* ItemM.swift in Sources */,
				AA34FA2C27E7EBAD00660B2E /* AddView.swift in Sources */,
				AA34FA2A27E7EB3000660B2E /* ListRowView.swift in Sources */,
				AA34FA2427E7EACA00660B2E /* ListViewModel.swift in Sources */,
				AA34FA1227E7E7C900660B2E /* ToDoMurphyApp.swift in Sources */,
			);
			runOnlyForDeploymentPostprocessing = 0;
		};
/* End PBXSourcesBuildPhase section */

/* Begin XCBuildConfiguration section */
		AA34FA1A27E7E7CA00660B2E /* Debug */ = {
			isa = XCBuildConfiguration;
			buildSettings = {
				ALWAYS_SEARCH_USER_PATHS = NO;
				CLANG_ANALYZER_NONNULL = YES;
				CLANG_ANALYZER_NUMBER_OBJECT_CONVERSION = YES_AGGRESSIVE;
				CLANG_CXX_LANGUAGE_STANDARD = "gnu++17";
				CLANG_ENABLE_MODULES = YES;
				CLANG_ENABLE_OBJC_ARC = YES;
				CLANG_ENABLE_OBJC_WEAK = YES;
				CLANG_WARN_BLOCK_CAPTURE_AUTORELEASING = YES;
				CLANG_WARN_BOOL_CONVERSION = YES;
				CLANG_WARN_COMMA = YES;
				CLANG_WARN_CONSTANT_CONVERSION = YES;
				CLANG_WARN_DEPRECATED_OBJC_IMPLEMENTATIONS = YES;
				CLANG_WARN_DIRECT_OBJC_ISA_USAGE = YES_ERROR;
				CLANG_WARN_DOCUMENTATION_COMMENTS = YES;
				CLANG_WARN_EMPTY_BODY = YES;
				CLANG_WARN_ENUM_CONVERSION = YES;
				CLANG_WARN_INFINITE_RECURSION = YES;
				CLANG_WARN_INT_CONVERSION = YES;
				CLANG_WARN_NON_LITERAL_NULL_CONVERSION = YES;
				CLANG_WARN_OBJC_IMPLICIT_RETAIN_SELF = YES;
				CLANG_WARN_OBJC_LITERAL_CONVERSION = YES;
				CLANG_WARN_OBJC_ROOT_CLASS = YES_ERROR;
				CLANG_WARN_QUOTED_INCLUDE_IN_FRAMEWORK_HEADER = YES;
				CLANG_WARN_RANGE_LOOP_ANALYSIS = YES;
				CLANG_WARN_STRICT_PROTOTYPES = YES;
				CLANG_WARN_SUSPICIOUS_MOVE = YES;
				CLANG_WARN_UNGUARDED_AVAILABILITY = YES_AGGRESSIVE;
				CLANG_WARN_UNREACHABLE_CODE = YES;
				CLANG_WARN__DUPLICATE_METHOD_MATCH = YES;
				COPY_PHASE_STRIP = NO;
				DEBUG_INFORMATION_FORMAT = dwarf;
				ENABLE_STRICT_OBJC_MSGSEND = YES;
				ENABLE_TESTABILITY = YES;
				GCC_C_LANGUAGE_STANDARD = gnu11;
				GCC_DYNAMIC_NO_PIC = NO;
				GCC_NO_COMMON_BLOCKS = YES;
				GCC_OPTIMIZATION_LEVEL = 0;
				GCC_PREPROCESSOR_DEFINITIONS = (
					"DEBUG=1",
					"$(inherited)",
				);
				GCC_WARN_64_TO_32_BIT_CONVERSION = YES;
				GCC_WARN_ABOUT_RETURN_TYPE = YES_ERROR;
				GCC_WARN_UNDECLARED_SELECTOR = YES;
				GCC_WARN_UNINITIALIZED_AUTOS = YES_AGGRESSIVE;
				GCC_WARN_UNUSED_FUNCTION = YES;
				GCC_WARN_UNUSED_VARIABLE = YES;
				IPHONEOS_DEPLOYMENT_TARGET = 15.4;
				MTL_ENABLE_DEBUG_INFO = INCLUDE_SOURCE;
				MTL_FAST_MATH = YES;
				ONLY_ACTIVE_ARCH = YES;
				SDKROOT = iphoneos;
				SWIFT_ACTIVE_COMPILATION_CONDITIONS = DEBUG;
				SWIFT_OPTIMIZATION_LEVEL = "-Onone";
			};
			name = Debug;
		};
		AA34FA1B27E7E7CA00660B2E /* Release */ = {
			isa = XCBuildConfiguration;
			buildSettings = {
				ALWAYS_SEARCH_USER_PATHS = NO;
				CLANG_ANALYZER_NONNULL = YES;
				CLANG_ANALYZER_NUMBER_OBJECT_CONVERSION = YES_AGGRESSIVE;
				CLANG_CXX_LANGUAGE_STANDARD = "gnu++17";
				CLANG_ENABLE_MODULES = YES;
				CLANG_ENABLE_OBJC_ARC = YES;
				CLANG_ENABLE_OBJC_WEAK = YES;
				CLANG_WARN_BLOCK_CAPTURE_AUTORELEASING = YES;
				CLANG_WARN_BOOL_CONVERSION = YES;
				CLANG_WARN_COMMA = YES;
				CLANG_WARN_CONSTANT_CONVERSION = YES;
				CLANG_WARN_DEPRECATED_OBJC_IMPLEMENTATIONS = YES;
				CLANG_WARN_DIRECT_OBJC_ISA_USAGE = YES_ERROR;
				CLANG_WARN_DOCUMENTATION_COMMENTS = YES;
				CLANG_WARN_EMPTY_BODY = YES;
				CLANG_WARN_ENUM_CONVERSION = YES;
				CLANG_WARN_INFINITE_RECURSION = YES;
				CLANG_WARN_INT_CONVERSION = YES;
				CLANG_WARN_NON_LITERAL_NULL_CONVERSION = YES;
				CLANG_WARN_OBJC_IMPLICIT_RETAIN_SELF = YES;
				CLANG_WARN_OBJC_LITERAL_CONVERSION = YES;
				CLANG_WARN_OBJC_ROOT_CLASS = YES_ERROR;
				CLANG_WARN_QUOTED_INCLUDE_IN_FRAMEWORK_HEADER = YES;
				CLANG_WARN_RANGE_LOOP_ANALYSIS = YES;
				CLANG_WARN_STRICT_PROTOTYPES = YES;
				CLANG_WARN_SUSPICIOUS_MOVE = YES;
				CLANG_WARN_UNGUARDED_AVAILABILITY = YES_AGGRESSIVE;
				CLANG_WARN_UNREACHABLE_CODE = YES;
				CLANG_WARN__DUPLICATE_METHOD_MATCH = YES;
				COPY_PHASE_STRIP = NO;
				DEBUG_INFORMATION_FORMAT = "dwarf-with-dsym";
				ENABLE_NS_ASSERTIONS = NO;
				ENABLE_STRICT_OBJC_MSGSEND = YES;
				GCC_C_LANGUAGE_STANDARD = gnu11;
				GCC_NO_COMMON_BLOCKS = YES;
				GCC_WARN_64_TO_32_BIT_CONVERSION = YES;
				GCC_WARN_ABOUT_RETURN_TYPE = YES_ERROR;
				GCC_WARN_UNDECLARED_SELECTOR = YES;
				GCC_WARN_UNINITIALIZED_AUTOS = YES_AGGRESSIVE;
				GCC_WARN_UNUSED_FUNCTION = YES;
				GCC_WARN_UNUSED_VARIABLE = YES;
				IPHONEOS_DEPLOYMENT_TARGET = 15.4;
				MTL_ENABLE_DEBUG_INFO = NO;
				MTL_FAST_MATH = YES;
				SDKROOT = iphoneos;
				SWIFT_COMPILATION_MODE = wholemodule;
				SWIFT_OPTIMIZATION_LEVEL = "-O";
				VALIDATE_PRODUCT = YES;
			};
			name = Release;
		};
		AA34FA1D27E7E7CA00660B2E /* Debug */ = {
			isa = XCBuildConfiguration;
			buildSettings = {
				ASSETCATALOG_COMPILER_APPICON_NAME = AppIcon;
				ASSETCATALOG_COMPILER_GLOBAL_ACCENT_COLOR_NAME = AccentColor;
				CODE_SIGN_STYLE = Automatic;
				CURRENT_PROJECT_VERSION = 1;
				DEVELOPMENT_ASSET_PATHS = "\"ToDoMurphy/Preview Content\"";
				ENABLE_PREVIEWS = YES;
				GENERATE_INFOPLIST_FILE = YES;
				INFOPLIST_KEY_UIApplicationSceneManifest_Generation = YES;
				INFOPLIST_KEY_UIApplicationSupportsIndirectInputEvents = YES;
				INFOPLIST_KEY_UILaunchScreen_Generation = YES;
				INFOPLIST_KEY_UILaunchStoryboardName = "LaunchScreen.storyboard 18-23-40-002";
				INFOPLIST_KEY_UISupportedInterfaceOrientations_iPad = "UIInterfaceOrientationPortrait UIInterfaceOrientationPortraitUpsideDown UIInterfaceOrientationLandscapeLeft UIInterfaceOrientationLandscapeRight";
				INFOPLIST_KEY_UISupportedInterfaceOrientations_iPhone = "UIInterfaceOrientationPortrait UIInterfaceOrientationLandscapeLeft UIInterfaceOrientationLandscapeRight";
				LD_RUNPATH_SEARCH_PATHS = (
					"$(inherited)",
					"@executable_path/Frameworks",
				);
				MARKETING_VERSION = 1.0;
				PRODUCT_BUNDLE_IDENTIFIER = org.thomas.ToDoMurphy;
				PRODUCT_NAME = "$(TARGET_NAME)";
				SWIFT_EMIT_LOC_STRINGS = YES;
				SWIFT_VERSION = 5.0;
				TARGETED_DEVICE_FAMILY = "1,2";
			};
			name = Debug;
		};
		AA34FA1E27E7E7CA00660B2E /* Release */ = {
			isa = XCBuildConfiguration;
			buildSettings = {
				ASSETCATALOG_COMPILER_APPICON_NAME = AppIcon;
				ASSETCATALOG_COMPILER_GLOBAL_ACCENT_COLOR_NAME = AccentColor;
				CODE_SIGN_STYLE = Automatic;
				CURRENT_PROJECT_VERSION = 1;
				DEVELOPMENT_ASSET_PATHS = "\"ToDoMurphy/Preview Content\"";
				ENABLE_PREVIEWS = YES;
				GENERATE_INFOPLIST_FILE = YES;
				INFOPLIST_KEY_UIApplicationSceneManifest_Generation = YES;
				INFOPLIST_KEY_UIApplicationSupportsIndirectInputEvents = YES;
				INFOPLIST_KEY_UILaunchScreen_Generation = YES;
				INFOPLIST_KEY_UILaunchStoryboardName = "LaunchScreen.storyboard 18-23-40-002";
				INFOPLIST_KEY_UISupportedInterfaceOrientations_iPad = "UIInterfaceOrientationPortrait UIInterfaceOrientationPortraitUpsideDown UIInterfaceOrientationLandscapeLeft UIInterfaceOrientationLandscapeRight";
				INFOPLIST_KEY_UISupportedInterfaceOrientations_iPhone = "UIInterfaceOrientationPortrait UIInterfaceOrientationLandscapeLeft UIInterfaceOrientationLandscapeRight";
				LD_RUNPATH_SEARCH_PATHS = (
					"$(inherited)",
					"@executable_path/Frameworks",
				);
				MARKETING_VERSION = 1.0;
				PRODUCT_BUNDLE_IDENTIFIER = org.thomas.ToDoMurphy;
				PRODUCT_NAME = "$(TARGET_NAME)";
				SWIFT_EMIT_LOC_STRINGS = YES;
				SWIFT_VERSION = 5.0;
				TARGETED_DEVICE_FAMILY = "1,2";
			};
			name = Release;
		};
/* End XCBuildConfiguration section */

/* Begin XCConfigurationList section */
		AA34FA0927E7E7C900660B2E /* Build configuration list for PBXProject "ToDoMurphy" */ = {
			isa = XCConfigurationList;
			buildConfigurations = (
				AA34FA1A27E7E7CA00660B2E /* Debug */,
				AA34FA1B27E7E7CA00660B2E /* Release */,
			);
			defaultConfigurationIsVisible = 0;
			defaultConfigurationName = Release;
		};
		AA34FA1C27E7E7CA00660B2E /* Build configuration list for PBXNativeTarget "ToDoMurphy" */ = {
			isa = XCConfigurationList;
			buildConfigurations = (
				AA34FA1D27E7E7CA00660B2E /* Debug */,
				AA34FA1E27E7E7CA00660B2E /* Release */,
			);
			defaultConfigurationIsVisible = 0;
			defaultConfigurationName = Release;
		};
/* End XCConfigurationList section */
	};
	rootObject = AA34FA0627E7E7C900660B2E /* Project object */;
}
